
Microsoft Visual Studio Solution File, Format Version 12.00
# Visual Studio Version 17
VisualStudioVersion = 17.0.31903.59
MinimumVisualStudioVersion = 10.0.40219.1
Project("{FAE04EC0-301F-11D3-BF4B-00C04F79EFBC}") = "API", "API\API.csproj", "{97C6EFF2-8E87-4A33-B682-09F4B1B25D17}"
EndProject
Project("{FAE04EC0-301F-11D3-BF4B-00C04F79EFBC}") = "Domain", "Domain\Domain.csproj", "{F276B9D7-ADA7-4C78-A2A7-34F61FCA043E}"
EndProject
Project("{FAE04EC0-301F-11D3-BF4B-00C04F79EFBC}") = "Infrastructure", "Infrastructure\Infrastructure.csproj", "{69A86BFA-A8C1-4668-AF3C-27FB3211DC7F}"
EndProject
Project("{FAE04EC0-301F-11D3-BF4B-00C04F79EFBC}") = "Application", "Application\Application.csproj", "{1041366C-2601-433F-B427-B72E485D358B}"
EndProject
Project("{FAE04EC0-301F-11D3-BF4B-00C04F79EFBC}") = "IntegrationTests", "IntegrationTests\IntegrationTests.csproj", "{4042AAE3-DB08-4FE2-B1D9-121AFE765EDB}"
EndProject
Project("{FAE04EC0-301F-11D3-BF4B-00C04F79EFBC}") = "UnitTests", "UnitTests\UnitTests.csproj", "{2F202E9F-0E8C-47D5-9426-48E49C1EA169}"
EndProject
Project("{2150E333-8FDC-42A3-9474-1A3956D46DE8}") = "src", "src", "{7753D9A8-61D8-4452-A4A5-6AF27AABDA1A}"
EndProject
Project("{2150E333-8FDC-42A3-9474-1A3956D46DE8}") = "tests", "tests", "{4B5689E3-7BD4-4663-94E9-EC55C88704C8}"
EndProject
Global
	GlobalSection(SolutionConfigurationPlatforms) = preSolution
		Debug|Any CPU = Debug|Any CPU
		Release|Any CPU = Release|Any CPU
	EndGlobalSection
	GlobalSection(SolutionProperties) = preSolution
		HideSolutionNode = FALSE
	EndGlobalSection
	GlobalSection(ProjectConfigurationPlatforms) = postSolution
		{97C6EFF2-8E87-4A33-B682-09F4B1B25D17}.Debug|Any CPU.ActiveCfg = Debug|Any CPU
		{97C6EFF2-8E87-4A33-B682-09F4B1B25D17}.Debug|Any CPU.Build.0 = Debug|Any CPU
		{97C6EFF2-8E87-4A33-B682-09F4B1B25D17}.Release|Any CPU.ActiveCfg = Release|Any CPU
		{97C6EFF2-8E87-4A33-B682-09F4B1B25D17}.Release|Any CPU.Build.0 = Release|Any CPU
		{F276B9D7-ADA7-4C78-A2A7-34F61FCA043E}.Debug|Any CPU.ActiveCfg = Debug|Any CPU
		{F276B9D7-ADA7-4C78-A2A7-34F61FCA043E}.Debug|Any CPU.Build.0 = Debug|Any CPU
		{F276B9D7-ADA7-4C78-A2A7-34F61FCA043E}.Release|Any CPU.ActiveCfg = Release|Any CPU
		{F276B9D7-ADA7-4C78-A2A7-34F61FCA043E}.Release|Any CPU.Build.0 = Release|Any CPU
		{69A86BFA-A8C1-4668-AF3C-27FB3211DC7F}.Debug|Any CPU.ActiveCfg = Debug|Any CPU
		{69A86BFA-A8C1-4668-AF3C-27FB3211DC7F}.Debug|Any CPU.Build.0 = Debug|Any CPU
		{69A86BFA-A8C1-4668-AF3C-27FB3211DC7F}.Release|Any CPU.ActiveCfg = Release|Any CPU
		{69A86BFA-A8C1-4668-AF3C-27FB3211DC7F}.Release|Any CPU.Build.0 = Release|Any CPU
		{1041366C-2601-433F-B427-B72E485D358B}.Debug|Any CPU.ActiveCfg = Debug|Any CPU
		{1041366C-2601-433F-B427-B72E485D358B}.Debug|Any CPU.Build.0 = Debug|Any CPU
		{1041366C-2601-433F-B427-B72E485D358B}.Release|Any CPU.ActiveCfg = Release|Any CPU
		{1041366C-2601-433F-B427-B72E485D358B}.Release|Any CPU.Build.0 = Release|Any CPU
		{4042AAE3-DB08-4FE2-B1D9-121AFE765EDB}.Debug|Any CPU.ActiveCfg = Debug|Any CPU
		{4042AAE3-DB08-4FE2-B1D9-121AFE765EDB}.Debug|Any CPU.Build.0 = Debug|Any CPU
		{4042AAE3-DB08-4FE2-B1D9-121AFE765EDB}.Release|Any CPU.ActiveCfg = Release|Any CPU
		{4042AAE3-DB08-4FE2-B1D9-121AFE765EDB}.Release|Any CPU.Build.0 = Release|Any CPU
		{2F202E9F-0E8C-47D5-9426-48E49C1EA169}.Debug|Any CPU.ActiveCfg = Debug|Any CPU
		{2F202E9F-0E8C-47D5-9426-48E49C1EA169}.Debug|Any CPU.Build.0 = Debug|Any CPU
		{2F202E9F-0E8C-47D5-9426-48E49C1EA169}.Release|Any CPU.ActiveCfg = Release|Any CPU
		{2F202E9F-0E8C-47D5-9426-48E49C1EA169}.Release|Any CPU.Build.0 = Release|Any CPU
	EndGlobalSection
	GlobalSection(NestedProjects) = preSolution
		{97C6EFF2-8E87-4A33-B682-09F4B1B25D17} = {7753D9A8-61D8-4452-A4A5-6AF27AABDA1A}
		{1041366C-2601-433F-B427-B72E485D358B} = {7753D9A8-61D8-4452-A4A5-6AF27AABDA1A}
		{F276B9D7-ADA7-4C78-A2A7-34F61FCA043E} = {7753D9A8-61D8-4452-A4A5-6AF27AABDA1A}
		{69A86BFA-A8C1-4668-AF3C-27FB3211DC7F} = {7753D9A8-61D8-4452-A4A5-6AF27AABDA1A}
		{4042AAE3-DB08-4FE2-B1D9-121AFE765EDB} = {4B5689E3-7BD4-4663-94E9-EC55C88704C8}
		{2F202E9F-0E8C-47D5-9426-48E49C1EA169} = {4B5689E3-7BD4-4663-94E9-EC55C88704C8}
	EndGlobalSection
EndGlobal
